// !$*UTF8*$!
{
	archiveVersion = 1;
	classes = {
	};
	objectVersion = 50;
	objects = {

/* Begin PBXBuildFile section */
		9C5FF54F24E3E00F000A5A05 /* DataConnexion.swift in Sources */ = {isa = PBXBuildFile; fileRef = 9C5FF54E24E3E00E000A5A05 /* DataConnexion.swift */; };
		9C5FF55424E3E29B000A5A05 /* SignInViewController.swift in Sources */ = {isa = PBXBuildFile; fileRef = 9C5FF55324E3E29A000A5A05 /* SignInViewController.swift */; };
		9C5FF55724E43332000A5A05 /* BienvenuPhotoDeProfil.swift in Sources */ = {isa = PBXBuildFile; fileRef = 9C5FF55624E43332000A5A05 /* BienvenuPhotoDeProfil.swift */; };
		9C5FF55924E436FA000A5A05 /* SignUpSuccessViewController.swift in Sources */ = {isa = PBXBuildFile; fileRef = 9C5FF55824E436FA000A5A05 /* SignUpSuccessViewController.swift */; };
		9C6DD96724E1680F003CED25 /* AppDelegate.swift in Sources */ = {isa = PBXBuildFile; fileRef = 9C6DD96624E1680F003CED25 /* AppDelegate.swift */; };
		9C6DD96924E1680F003CED25 /* SceneDelegate.swift in Sources */ = {isa = PBXBuildFile; fileRef = 9C6DD96824E1680F003CED25 /* SceneDelegate.swift */; };
		9C6DD96B24E1680F003CED25 /* ViewController.swift in Sources */ = {isa = PBXBuildFile; fileRef = 9C6DD96A24E1680F003CED25 /* ViewController.swift */; };
		9C6DD96E24E1680F003CED25 /* Main.storyboard in Resources */ = {isa = PBXBuildFile; fileRef = 9C6DD96C24E1680F003CED25 /* Main.storyboard */; };
		9C6DD97124E1680F003CED25 /* Detritux.xcdatamodeld in Sources */ = {isa = PBXBuildFile; fileRef = 9C6DD96F24E1680F003CED25 /* Detritux.xcdatamodeld */; };
		9C6DD97324E16817003CED25 /* Assets.xcassets in Resources */ = {isa = PBXBuildFile; fileRef = 9C6DD97224E16817003CED25 /* Assets.xcassets */; };
		9C6DD97624E16817003CED25 /* LaunchScreen.storyboard in Resources */ = {isa = PBXBuildFile; fileRef = 9C6DD97424E16817003CED25 /* LaunchScreen.storyboard */; };
		9C6DD98124E16818003CED25 /* DetrituxTests.swift in Sources */ = {isa = PBXBuildFile; fileRef = 9C6DD98024E16818003CED25 /* DetrituxTests.swift */; };
/* End PBXBuildFile section */

/* Begin PBXContainerItemProxy section */
		9C6DD97D24E16818003CED25 /* PBXContainerItemProxy */ = {
			isa = PBXContainerItemProxy;
			containerPortal = 9C6DD95B24E1680F003CED25 /* Project object */;
			proxyType = 1;
			remoteGlobalIDString = 9C6DD96224E1680F003CED25;
			remoteInfo = Detritux;
		};
		9C6DD98824E16818003CED25 /* PBXContainerItemProxy */ = {
			isa = PBXContainerItemProxy;
			containerPortal = 9C6DD95B24E1680F003CED25 /* Project object */;
			proxyType = 1;
			remoteGlobalIDString = 9C6DD96224E1680F003CED25;
			remoteInfo = Detritux;
		};
/* End PBXContainerItemProxy section */

/* Begin PBXFileReference section */
		9C5FF54E24E3E00E000A5A05 /* DataConnexion.swift */ = {isa = PBXFileReference; lastKnownFileType = sourcecode.swift; path = DataConnexion.swift; sourceTree = "<group>"; };
		9C5FF55324E3E29A000A5A05 /* SignInViewController.swift */ = {isa = PBXFileReference; lastKnownFileType = sourcecode.swift; path = SignInViewController.swift; sourceTree = "<group>"; };
		9C5FF55624E43332000A5A05 /* BienvenuPhotoDeProfil.swift */ = {isa = PBXFileReference; lastKnownFileType = sourcecode.swift; path = BienvenuPhotoDeProfil.swift; sourceTree = "<group>"; };
		9C5FF55824E436FA000A5A05 /* SignUpSuccessViewController.swift */ = {isa = PBXFileReference; lastKnownFileType = sourcecode.swift; path = SignUpSuccessViewController.swift; sourceTree = "<group>"; };
		9C6DD96324E1680F003CED25 /* Detritux.app */ = {isa = PBXFileReference; explicitFileType = wrapper.application; includeInIndex = 0; path = Detritux.app; sourceTree = BUILT_PRODUCTS_DIR; };
		9C6DD96624E1680F003CED25 /* AppDelegate.swift */ = {isa = PBXFileReference; lastKnownFileType = sourcecode.swift; path = AppDelegate.swift; sourceTree = "<group>"; };
		9C6DD96824E1680F003CED25 /* SceneDelegate.swift */ = {isa = PBXFileReference; lastKnownFileType = sourcecode.swift; path = SceneDelegate.swift; sourceTree = "<group>"; };
		9C6DD96A24E1680F003CED25 /* ViewController.swift */ = {isa = PBXFileReference; lastKnownFileType = sourcecode.swift; path = ViewController.swift; sourceTree = "<group>"; };
		9C6DD96D24E1680F003CED25 /* Base */ = {isa = PBXFileReference; lastKnownFileType = file.storyboard; name = Base; path = Base.lproj/Main.storyboard; sourceTree = "<group>"; };
		9C6DD97024E1680F003CED25 /* Detritux.xcdatamodel */ = {isa = PBXFileReference; lastKnownFileType = wrapper.xcdatamodel; path = Detritux.xcdatamodel; sourceTree = "<group>"; };
		9C6DD97224E16817003CED25 /* Assets.xcassets */ = {isa = PBXFileReference; lastKnownFileType = folder.assetcatalog; path = Assets.xcassets; sourceTree = "<group>"; };
		9C6DD97524E16817003CED25 /* Base */ = {isa = PBXFileReference; lastKnownFileType = file.storyboard; name = Base; path = Base.lproj/LaunchScreen.storyboard; sourceTree = "<group>"; };
		9C6DD97724E16817003CED25 /* Info.plist */ = {isa = PBXFileReference; lastKnownFileType = text.plist.xml; path = Info.plist; sourceTree = "<group>"; };
		9C6DD97C24E16818003CED25 /* DetrituxTests.xctest */ = {isa = PBXFileReference; explicitFileType = wrapper.cfbundle; includeInIndex = 0; path = DetrituxTests.xctest; sourceTree = BUILT_PRODUCTS_DIR; };
		9C6DD98024E16818003CED25 /* DetrituxTests.swift */ = {isa = PBXFileReference; lastKnownFileType = sourcecode.swift; path = DetrituxTests.swift; sourceTree = "<group>"; };
		9C6DD98224E16818003CED25 /* Info.plist */ = {isa = PBXFileReference; lastKnownFileType = text.plist.xml; path = Info.plist; sourceTree = "<group>"; };
		9C6DD98724E16818003CED25 /* DetrituxUITests.xctest */ = {isa = PBXFileReference; explicitFileType = wrapper.cfbundle; includeInIndex = 0; path = DetrituxUITests.xctest; sourceTree = BUILT_PRODUCTS_DIR; };
/* End PBXFileReference section */

/* Begin PBXFrameworksBuildPhase section */
		9C6DD96024E1680F003CED25 /* Frameworks */ = {
			isa = PBXFrameworksBuildPhase;
			buildActionMask = 2147483647;
			files = (
			);
			runOnlyForDeploymentPostprocessing = 0;
		};
		9C6DD97924E16818003CED25 /* Frameworks */ = {
			isa = PBXFrameworksBuildPhase;
			buildActionMask = 2147483647;
			files = (
			);
			runOnlyForDeploymentPostprocessing = 0;
		};
		9C6DD98424E16818003CED25 /* Frameworks */ = {
			isa = PBXFrameworksBuildPhase;
			buildActionMask = 2147483647;
			files = (
			);
			runOnlyForDeploymentPostprocessing = 0;
		};
/* End PBXFrameworksBuildPhase section */

/* Begin PBXGroup section */
		9C5FF55024E3E01F000A5A05 /* Model */ = {
			isa = PBXGroup;
			children = (
				9C6DD96624E1680F003CED25 /* AppDelegate.swift */,
				9C5FF54E24E3E00E000A5A05 /* DataConnexion.swift */,
			);
			path = Model;
			sourceTree = "<group>";
		};
		9C5FF55124E3E035000A5A05 /* Controler */ = {
			isa = PBXGroup;
			children = (
				9C5FF55624E43332000A5A05 /* BienvenuPhotoDeProfil.swift */,
				9C5FF55824E436FA000A5A05 /* SignUpSuccessViewController.swift */,
				9C5FF55324E3E29A000A5A05 /* SignInViewController.swift */,
				9C6DD96824E1680F003CED25 /* SceneDelegate.swift */,
				9C6DD96A24E1680F003CED25 /* ViewController.swift */,
			);
			path = Controler;
			sourceTree = "<group>";
		};
		9C5FF55224E3E05D000A5A05 /* View */ = {
			isa = PBXGroup;
			children = (
				9C6DD96C24E1680F003CED25 /* Main.storyboard */,
				9C6DD97224E16817003CED25 /* Assets.xcassets */,
				9C6DD97424E16817003CED25 /* LaunchScreen.storyboard */,
			);
			path = View;
			sourceTree = "<group>";
		};
		9C6DD95A24E1680F003CED25 = {
			isa = PBXGroup;
			children = (
				9C6DD96524E1680F003CED25 /* Detritux */,
				9C6DD97F24E16818003CED25 /* DetrituxTests */,
				9C6DD96424E1680F003CED25 /* Products */,
			);
			sourceTree = "<group>";
		};
		9C6DD96424E1680F003CED25 /* Products */ = {
			isa = PBXGroup;
			children = (
				9C6DD96324E1680F003CED25 /* Detritux.app */,
				9C6DD97C24E16818003CED25 /* DetrituxTests.xctest */,
				9C6DD98724E16818003CED25 /* DetrituxUITests.xctest */,
			);
			name = Products;
			sourceTree = "<group>";
		};
		9C6DD96524E1680F003CED25 /* Detritux */ = {
			isa = PBXGroup;
			children = (
				9C5FF55024E3E01F000A5A05 /* Model */,
				9C5FF55124E3E035000A5A05 /* Controler */,
				9C5FF55224E3E05D000A5A05 /* View */,
				9C6DD97724E16817003CED25 /* Info.plist */,
				9C6DD96F24E1680F003CED25 /* Detritux.xcdatamodeld */,
			);
			path = Detritux;
			sourceTree = "<group>";
		};
		9C6DD97F24E16818003CED25 /* DetrituxTests */ = {
			isa = PBXGroup;
			children = (
				9C6DD98024E16818003CED25 /* DetrituxTests.swift */,
				9C6DD98224E16818003CED25 /* Info.plist */,
			);
			path = DetrituxTests;
			sourceTree = "<group>";
		};
/* End PBXGroup section */

/* Begin PBXNativeTarget section */
		9C6DD96224E1680F003CED25 /* Detritux */ = {
			isa = PBXNativeTarget;
			buildConfigurationList = 9C6DD99024E16818003CED25 /* Build configuration list for PBXNativeTarget "Detritux" */;
			buildPhases = (
				9C6DD95F24E1680F003CED25 /* Sources */,
				9C6DD96024E1680F003CED25 /* Frameworks */,
				9C6DD96124E1680F003CED25 /* Resources */,
			);
			buildRules = (
			);
			dependencies = (
			);
			name = Detritux;
			productName = Detritux;
			productReference = 9C6DD96324E1680F003CED25 /* Detritux.app */;
			productType = "com.apple.product-type.application";
		};
		9C6DD97B24E16818003CED25 /* DetrituxTests */ = {
			isa = PBXNativeTarget;
			buildConfigurationList = 9C6DD99324E16818003CED25 /* Build configuration list for PBXNativeTarget "DetrituxTests" */;
			buildPhases = (
				9C6DD97824E16818003CED25 /* Sources */,
				9C6DD97924E16818003CED25 /* Frameworks */,
				9C6DD97A24E16818003CED25 /* Resources */,
			);
			buildRules = (
			);
			dependencies = (
				9C6DD97E24E16818003CED25 /* PBXTargetDependency */,
			);
			name = DetrituxTests;
			productName = DetrituxTests;
			productReference = 9C6DD97C24E16818003CED25 /* DetrituxTests.xctest */;
			productType = "com.apple.product-type.bundle.unit-test";
		};
		9C6DD98624E16818003CED25 /* DetrituxUITests */ = {
			isa = PBXNativeTarget;
			buildConfigurationList = 9C6DD99624E16818003CED25 /* Build configuration list for PBXNativeTarget "DetrituxUITests" */;
			buildPhases = (
				9C6DD98324E16818003CED25 /* Sources */,
				9C6DD98424E16818003CED25 /* Frameworks */,
				9C6DD98524E16818003CED25 /* Resources */,
			);
			buildRules = (
			);
			dependencies = (
				9C6DD98924E16818003CED25 /* PBXTargetDependency */,
			);
			name = DetrituxUITests;
			productName = DetrituxUITests;
			productReference = 9C6DD98724E16818003CED25 /* DetrituxUITests.xctest */;
			productType = "com.apple.product-type.bundle.ui-testing";
		};
/* End PBXNativeTarget section */

/* Begin PBXProject section */
		9C6DD95B24E1680F003CED25 /* Project object */ = {
			isa = PBXProject;
			attributes = {
				LastSwiftUpdateCheck = 1110;
				LastUpgradeCheck = 1110;
				ORGANIZATIONNAME = Maxime;
				TargetAttributes = {
					9C6DD96224E1680F003CED25 = {
						CreatedOnToolsVersion = 11.1;
					};
					9C6DD97B24E16818003CED25 = {
						CreatedOnToolsVersion = 11.1;
						TestTargetID = 9C6DD96224E1680F003CED25;
					};
					9C6DD98624E16818003CED25 = {
						CreatedOnToolsVersion = 11.1;
						TestTargetID = 9C6DD96224E1680F003CED25;
					};
				};
			};
			buildConfigurationList = 9C6DD95E24E1680F003CED25 /* Build configuration list for PBXProject "Detritux" */;
			compatibilityVersion = "Xcode 9.3";
			developmentRegion = en;
			hasScannedForEncodings = 0;
			knownRegions = (
				en,
				Base,
			);
			mainGroup = 9C6DD95A24E1680F003CED25;
			productRefGroup = 9C6DD96424E1680F003CED25 /* Products */;
			projectDirPath = "";
			projectRoot = "";
			targets = (
				9C6DD96224E1680F003CED25 /* Detritux */,
				9C6DD97B24E16818003CED25 /* DetrituxTests */,
				9C6DD98624E16818003CED25 /* DetrituxUITests */,
			);
		};
/* End PBXProject section */

/* Begin PBXResourcesBuildPhase section */
		9C6DD96124E1680F003CED25 /* Resources */ = {
			isa = PBXResourcesBuildPhase;
			buildActionMask = 2147483647;
			files = (
				9C6DD97624E16817003CED25 /* LaunchScreen.storyboard in Resources */,
				9C6DD97324E16817003CED25 /* Assets.xcassets in Resources */,
				9C6DD96E24E1680F003CED25 /* Main.storyboard in Resources */,
			);
			runOnlyForDeploymentPostprocessing = 0;
		};
		9C6DD97A24E16818003CED25 /* Resources */ = {
			isa = PBXResourcesBuildPhase;
			buildActionMask = 2147483647;
			files = (
			);
			runOnlyForDeploymentPostprocessing = 0;
		};
		9C6DD98524E16818003CED25 /* Resources */ = {
			isa = PBXResourcesBuildPhase;
			buildActionMask = 2147483647;
			files = (
			);
			runOnlyForDeploymentPostprocessing = 0;
		};
/* End PBXResourcesBuildPhase section */

/* Begin PBXSourcesBuildPhase section */
		9C6DD95F24E1680F003CED25 /* Sources */ = {
			isa = PBXSourcesBuildPhase;
			buildActionMask = 2147483647;
			files = (
				9C5FF55424E3E29B000A5A05 /* SignInViewController.swift in Sources */,
				9C5FF54F24E3E00F000A5A05 /* DataConnexion.swift in Sources */,
				9C5FF55924E436FA000A5A05 /* SignUpSuccessViewController.swift in Sources */,
				9C6DD96B24E1680F003CED25 /* ViewController.swift in Sources */,
				9C6DD96724E1680F003CED25 /* AppDelegate.swift in Sources */,
				9C6DD97124E1680F003CED25 /* Detritux.xcdatamodeld in Sources */,
				9C5FF55724E43332000A5A05 /* BienvenuPhotoDeProfil.swift in Sources */,
				9C6DD96924E1680F003CED25 /* SceneDelegate.swift in Sources */,
			);
			runOnlyForDeploymentPostprocessing = 0;
		};
		9C6DD97824E16818003CED25 /* Sources */ = {
			isa = PBXSourcesBuildPhase;
			buildActionMask = 2147483647;
			files = (
				9C6DD98124E16818003CED25 /* DetrituxTests.swift in Sources */,
			);
			runOnlyForDeploymentPostprocessing = 0;
		};
		9C6DD98324E16818003CED25 /* Sources */ = {
			isa = PBXSourcesBuildPhase;
			buildActionMask = 2147483647;
			files = (
			);
			runOnlyForDeploymentPostprocessing = 0;
		};
/* End PBXSourcesBuildPhase section */

/* Begin PBXTargetDependency section */
		9C6DD97E24E16818003CED25 /* PBXTargetDependency */ = {
			isa = PBXTargetDependency;
			target = 9C6DD96224E1680F003CED25 /* Detritux */;
			targetProxy = 9C6DD97D24E16818003CED25 /* PBXContainerItemProxy */;
		};
		9C6DD98924E16818003CED25 /* PBXTargetDependency */ = {
			isa = PBXTargetDependency;
			target = 9C6DD96224E1680F003CED25 /* Detritux */;
			targetProxy = 9C6DD98824E16818003CED25 /* PBXContainerItemProxy */;
		};
/* End PBXTargetDependency section */

/* Begin PBXVariantGroup section */
		9C6DD96C24E1680F003CED25 /* Main.storyboard */ = {
			isa = PBXVariantGroup;
			children = (
				9C6DD96D24E1680F003CED25 /* Base */,
			);
			name = Main.storyboard;
			sourceTree = "<group>";
		};
		9C6DD97424E16817003CED25 /* LaunchScreen.storyboard */ = {
			isa = PBXVariantGroup;
			children = (
				9C6DD97524E16817003CED25 /* Base */,
			);
			name = LaunchScreen.storyboard;
			sourceTree = "<group>";
		};
/* End PBXVariantGroup section */

/* Begin XCBuildConfiguration section */
		9C6DD98E24E16818003CED25 /* Debug */ = {
			isa = XCBuildConfiguration;
			buildSettings = {
				ALWAYS_SEARCH_USER_PATHS = NO;
				CLANG_ANALYZER_NONNULL = YES;
				CLANG_ANALYZER_NUMBER_OBJECT_CONVERSION = YES_AGGRESSIVE;
				CLANG_CXX_LANGUAGE_STANDARD = "gnu++14";
				CLANG_CXX_LIBRARY = "libc++";
				CLANG_ENABLE_MODULES = YES;
				CLANG_ENABLE_OBJC_ARC = YES;
				CLANG_ENABLE_OBJC_WEAK = YES;
				CLANG_WARN_BLOCK_CAPTURE_AUTORELEASING = YES;
				CLANG_WARN_BOOL_CONVERSION = YES;
				CLANG_WARN_COMMA = YES;
				CLANG_WARN_CONSTANT_CONVERSION = YES;
				CLANG_WARN_DEPRECATED_OBJC_IMPLEMENTATIONS = YES;
				CLANG_WARN_DIRECT_OBJC_ISA_USAGE = YES_ERROR;
				CLANG_WARN_DOCUMENTATION_COMMENTS = YES;
				CLANG_WARN_EMPTY_BODY = YES;
				CLANG_WARN_ENUM_CONVERSION = YES;
				CLANG_WARN_INFINITE_RECURSION = YES;
				CLANG_WARN_INT_CONVERSION = YES;
				CLANG_WARN_NON_LITERAL_NULL_CONVERSION = YES;
				CLANG_WARN_OBJC_IMPLICIT_RETAIN_SELF = YES;
				CLANG_WARN_OBJC_LITERAL_CONVERSION = YES;
				CLANG_WARN_OBJC_ROOT_CLASS = YES_ERROR;
				CLANG_WARN_RANGE_LOOP_ANALYSIS = YES;
				CLANG_WARN_STRICT_PROTOTYPES = YES;
				CLANG_WARN_SUSPICIOUS_MOVE = YES;
				CLANG_WARN_UNGUARDED_AVAILABILITY = YES_AGGRESSIVE;
				CLANG_WARN_UNREACHABLE_CODE = YES;
				CLANG_WARN__DUPLICATE_METHOD_MATCH = YES;
				COPY_PHASE_STRIP = NO;
				DEBUG_INFORMATION_FORMAT = dwarf;
				ENABLE_STRICT_OBJC_MSGSEND = YES;
				ENABLE_TESTABILITY = YES;
				GCC_C_LANGUAGE_STANDARD = gnu11;
				GCC_DYNAMIC_NO_PIC = NO;
				GCC_NO_COMMON_BLOCKS = YES;
				GCC_OPTIMIZATION_LEVEL = 0;
				GCC_PREPROCESSOR_DEFINITIONS = (
					"DEBUG=1",
					"$(inherited)",
				);
				GCC_WARN_64_TO_32_BIT_CONVERSION = YES;
				GCC_WARN_ABOUT_RETURN_TYPE = YES_ERROR;
				GCC_WARN_UNDECLARED_SELECTOR = YES;
				GCC_WARN_UNINITIALIZED_AUTOS = YES_AGGRESSIVE;
				GCC_WARN_UNUSED_FUNCTION = YES;
				GCC_WARN_UNUSED_VARIABLE = YES;
				IPHONEOS_DEPLOYMENT_TARGET = 13.1;
				MTL_ENABLE_DEBUG_INFO = INCLUDE_SOURCE;
				MTL_FAST_MATH = YES;
				ONLY_ACTIVE_ARCH = YES;
				SDKROOT = iphoneos;
				SWIFT_ACTIVE_COMPILATION_CONDITIONS = DEBUG;
				SWIFT_OPTIMIZATION_LEVEL = "-Onone";
			};
			name = Debug;
		};
		9C6DD98F24E16818003CED25 /* Release */ = {
			isa = XCBuildConfiguration;
			buildSettings = {
				ALWAYS_SEARCH_USER_PATHS = NO;
				CLANG_ANALYZER_NONNULL = YES;
				CLANG_ANALYZER_NUMBER_OBJECT_CONVERSION = YES_AGGRESSIVE;
				CLANG_CXX_LANGUAGE_STANDARD = "gnu++14";
				CLANG_CXX_LIBRARY = "libc++";
				CLANG_ENABLE_MODULES = YES;
				CLANG_ENABLE_OBJC_ARC = YES;
				CLANG_ENABLE_OBJC_WEAK = YES;
				CLANG_WARN_BLOCK_CAPTURE_AUTORELEASING = YES;
				CLANG_WARN_BOOL_CONVERSION = YES;
				CLANG_WARN_COMMA = YES;
				CLANG_WARN_CONSTANT_CONVERSION = YES;
				CLANG_WARN_DEPRECATED_OBJC_IMPLEMENTATIONS = YES;
				CLANG_WARN_DIRECT_OBJC_ISA_USAGE = YES_ERROR;
				CLANG_WARN_DOCUMENTATION_COMMENTS = YES;
				CLANG_WARN_EMPTY_BODY = YES;
				CLANG_WARN_ENUM_CONVERSION = YES;
				CLANG_WARN_INFINITE_RECURSION = YES;
				CLANG_WARN_INT_CONVERSION = YES;
				CLANG_WARN_NON_LITERAL_NULL_CONVERSION = YES;
				CLANG_WARN_OBJC_IMPLICIT_RETAIN_SELF = YES;
				CLANG_WARN_OBJC_LITERAL_CONVERSION = YES;
				CLANG_WARN_OBJC_ROOT_CLASS = YES_ERROR;
				CLANG_WARN_RANGE_LOOP_ANALYSIS = YES;
				CLANG_WARN_STRICT_PROTOTYPES = YES;
				CLANG_WARN_SUSPICIOUS_MOVE = YES;
				CLANG_WARN_UNGUARDED_AVAILABILITY = YES_AGGRESSIVE;
				CLANG_WARN_UNREACHABLE_CODE = YES;
				CLANG_WARN__DUPLICATE_METHOD_MATCH = YES;
				COPY_PHASE_STRIP = NO;
				DEBUG_INFORMATION_FORMAT = "dwarf-with-dsym";
				ENABLE_NS_ASSERTIONS = NO;
				ENABLE_STRICT_OBJC_MSGSEND = YES;
				GCC_C_LANGUAGE_STANDARD = gnu11;
				GCC_NO_COMMON_BLOCKS = YES;
				GCC_WARN_64_TO_32_BIT_CONVERSION = YES;
				GCC_WARN_ABOUT_RETURN_TYPE = YES_ERROR;
				GCC_WARN_UNDECLARED_SELECTOR = YES;
				GCC_WARN_UNINITIALIZED_AUTOS = YES_AGGRESSIVE;
				GCC_WARN_UNUSED_FUNCTION = YES;
				GCC_WARN_UNUSED_VARIABLE = YES;
				IPHONEOS_DEPLOYMENT_TARGET = 13.1;
				MTL_ENABLE_DEBUG_INFO = NO;
				MTL_FAST_MATH = YES;
				SDKROOT = iphoneos;
				SWIFT_COMPILATION_MODE = wholemodule;
				SWIFT_OPTIMIZATION_LEVEL = "-O";
				VALIDATE_PRODUCT = YES;
			};
			name = Release;
		};
		9C6DD99124E16818003CED25 /* Debug */ = {
			isa = XCBuildConfiguration;
			buildSettings = {
				ASSETCATALOG_COMPILER_APPICON_NAME = AppIcon;
				CODE_SIGN_STYLE = Automatic;
				DEVELOPMENT_TEAM = 2JZJR57TRU;
				INFOPLIST_FILE = Detritux/Info.plist;
				LD_RUNPATH_SEARCH_PATHS = (
					"$(inherited)",
					"@executable_path/Frameworks",
				);
				PRODUCT_BUNDLE_IDENTIFIER = com.openclassrooms.Detritux;
				PRODUCT_NAME = "$(TARGET_NAME)";
				SWIFT_VERSION = 5.0;
				TARGETED_DEVICE_FAMILY = "1,2";
			};
			name = Debug;
		};
		9C6DD99224E16818003CED25 /* Release */ = {
			isa = XCBuildConfiguration;
			buildSettings = {
				ASSETCATALOG_COMPILER_APPICON_NAME = AppIcon;
				CODE_SIGN_STYLE = Automatic;
				DEVELOPMENT_TEAM = 2JZJR57TRU;
				INFOPLIST_FILE = Detritux/Info.plist;
				LD_RUNPATH_SEARCH_PATHS = (
					"$(inherited)",
					"@executable_path/Frameworks",
				);
				PRODUCT_BUNDLE_IDENTIFIER = com.openclassrooms.Detritux;
				PRODUCT_NAME = "$(TARGET_NAME)";
				SWIFT_VERSION = 5.0;
				TARGETED_DEVICE_FAMILY = "1,2";
			};
			name = Release;
		};
		9C6DD99424E16818003CED25 /* Debug */ = {
			isa = XCBuildConfiguration;
			buildSettings = {
				ALWAYS_EMBED_SWIFT_STANDARD_LIBRARIES = YES;
				BUNDLE_LOADER = "$(TEST_HOST)";
				CODE_SIGN_STYLE = Automatic;
				DEVELOPMENT_TEAM = 2JZJR57TRU;
				INFOPLIST_FILE = DetrituxTests/Info.plist;
				IPHONEOS_DEPLOYMENT_TARGET = 13.1;
				LD_RUNPATH_SEARCH_PATHS = (
					"$(inherited)",
					"@executable_path/Frameworks",
					"@loader_path/Frameworks",
				);
				PRODUCT_BUNDLE_IDENTIFIER = com.openclassrooms.DetrituxTests;
				PRODUCT_NAME = "$(TARGET_NAME)";
				SWIFT_VERSION = 5.0;
				TARGETED_DEVICE_FAMILY = "1,2";
				TEST_HOST = "$(BUILT_PRODUCTS_DIR)/Detritux.app/Detritux";
			};
			name = Debug;
		};
		9C6DD99524E16818003CED25 /* Release */ = {
			isa = XCBuildConfiguration;
			buildSettings = {
				ALWAYS_EMBED_SWIFT_STANDARD_LIBRARIES = YES;
				BUNDLE_LOADER = "$(TEST_HOST)";
				CODE_SIGN_STYLE = Automatic;
				DEVELOPMENT_TEAM = 2JZJR57TRU;
				INFOPLIST_FILE = DetrituxTests/Info.plist;
				IPHONEOS_DEPLOYMENT_TARGET = 13.1;
				LD_RUNPATH_SEARCH_PATHS = (
					"$(inherited)",
					"@executable_path/Frameworks",
					"@loader_path/Frameworks",
				);
				PRODUCT_BUNDLE_IDENTIFIER = com.openclassrooms.DetrituxTests;
				PRODUCT_NAME = "$(TARGET_NAME)";
				SWIFT_VERSION = 5.0;
				TARGETED_DEVICE_FAMILY = "1,2";
				TEST_HOST = "$(BUILT_PRODUCTS_DIR)/Detritux.app/Detritux";
			};
			name = Release;
		};
		9C6DD99724E16818003CED25 /* Debug */ = {
			isa = XCBuildConfiguration;
			buildSettings = {
				ALWAYS_EMBED_SWIFT_STANDARD_LIBRARIES = YES;
				CODE_SIGN_STYLE = Automatic;
				DEVELOPMENT_TEAM = 2JZJR57TRU;
				INFOPLIST_FILE = DetrituxUITests/Info.plist;
				LD_RUNPATH_SEARCH_PATHS = (
					"$(inherited)",
					"@executable_path/Frameworks",
					"@loader_path/Frameworks",
				);
				PRODUCT_BUNDLE_IDENTIFIER = com.openclassrooms.DetrituxUITests;
				PRODUCT_NAME = "$(TARGET_NAME)";
				SWIFT_VERSION = 5.0;
				TARGETED_DEVICE_FAMILY = "1,2";
				TEST_TARGET_NAME = Detritux;
			};
			name = Debug;
		};
		9C6DD99824E16818003CED25 /* Release */ = {
			isa = XCBuildConfiguration;
			buildSettings = {
				ALWAYS_EMBED_SWIFT_STANDARD_LIBRARIES = YES;
				CODE_SIGN_STYLE = Automatic;
				DEVELOPMENT_TEAM = 2JZJR57TRU;
				INFOPLIST_FILE = DetrituxUITests/Info.plist;
				LD_RUNPATH_SEARCH_PATHS = (
					"$(inherited)",
					"@executable_path/Frameworks",
					"@loader_path/Frameworks",
				);
				PRODUCT_BUNDLE_IDENTIFIER = com.openclassrooms.DetrituxUITests;
				PRODUCT_NAME = "$(TARGET_NAME)";
				SWIFT_VERSION = 5.0;
				TARGETED_DEVICE_FAMILY = "1,2";
				TEST_TARGET_NAME = Detritux;
			};
			name = Release;
		};
/* End XCBuildConfiguration section */

/* Begin XCConfigurationList section */
		9C6DD95E24E1680F003CED25 /* Build configuration list for PBXProject "Detritux" */ = {
			isa = XCConfigurationList;
			buildConfigurations = (
				9C6DD98E24E16818003CED25 /* Debug */,
				9C6DD98F24E16818003CED25 /* Release */,
			);
			defaultConfigurationIsVisible = 0;
			defaultConfigurationName = Release;
		};
		9C6DD99024E16818003CED25 /* Build configuration list for PBXNativeTarget "Detritux" */ = {
			isa = XCConfigurationList;
			buildConfigurations = (
				9C6DD99124E16818003CED25 /* Debug */,
				9C6DD99224E16818003CED25 /* Release */,
			);
			defaultConfigurationIsVisible = 0;
			defaultConfigurationName = Release;
		};
		9C6DD99324E16818003CED25 /* Build configuration list for PBXNativeTarget "DetrituxTests" */ = {
			isa = XCConfigurationList;
			buildConfigurations = (
				9C6DD99424E16818003CED25 /* Debug */,
				9C6DD99524E16818003CED25 /* Release */,
			);
			defaultConfigurationIsVisible = 0;
			defaultConfigurationName = Release;
		};
		9C6DD99624E16818003CED25 /* Build configuration list for PBXNativeTarget "DetrituxUITests" */ = {
			isa = XCConfigurationList;
			buildConfigurations = (
				9C6DD99724E16818003CED25 /* Debug */,
				9C6DD99824E16818003CED25 /* Release */,
			);
			defaultConfigurationIsVisible = 0;
			defaultConfigurationName = Release;
		};
/* End XCConfigurationList section */

/* Begin XCVersionGroup section */
		9C6DD96F24E1680F003CED25 /* Detritux.xcdatamodeld */ = {
			isa = XCVersionGroup;
			children = (
				9C6DD97024E1680F003CED25 /* Detritux.xcdatamodel */,
			);
			currentVersion = 9C6DD97024E1680F003CED25 /* Detritux.xcdatamodel */;
			path = Detritux.xcdatamodeld;
			sourceTree = "<group>";
			versionGroupType = wrapper.xcdatamodel;
		};
/* End XCVersionGroup section */
	};
	rootObject = 9C6DD95B24E1680F003CED25 /* Project object */;
}
